{
  "lockfile_version": "1",
  "packages": {
    "buf@1.64.0": {
      "last_modified": "2026-02-23T15:40:43Z",
      "resolved": "github:NixOS/nixpkgs/80d901ec0377e19ac3f7bb8c035201e2e098cc97#buf",
      "source": "devbox-search",
      "version": "1.64.0",
      "systems": {
        "aarch64-darwin": {
          "outputs": [
            {
              "name": "out",
              "path": "/nix/store/bgq6plqczbhnw07d0x6vsmj7l24rni0d-buf-1.64.0",
              "default": true
            }
          ],
          "store_path": "/nix/store/bgq6plqczbhnw07d0x6vsmj7l24rni0d-buf-1.64.0"
        },
        "aarch64-linux": {
          "outputs": [
            {
              "name": "out",
              "path": "/nix/store/4ghm2b7xzm7fhrnfrqn760kd7g9pwv7q-buf-1.64.0",
              "default": true
            }
          ],
          "store_path": "/nix/store/4ghm2b7xzm7fhrnfrqn760kd7g9pwv7q-buf-1.64.0"
        },
        "x86_64-darwin": {
          "outputs": [
            {
              "name": "out",
              "path": "/nix/store/yqf9xljnmv858dpzsrlx85vmgnr6lyml-buf-1.64.0",
              "default": true
            }
          ],
          "store_path": "/nix/store/yqf9xljnmv858dpzsrlx85vmgnr6lyml-buf-1.64.0"
        },
        "x86_64-linux": {
          "outputs": [
            {
              "name": "out",
              "path": "/nix/store/6yg20bbxmb4ywymd3s32zgjc1aq2dfsm-buf-1.64.0",
              "default": true
            }
          ],
          "store_path": "/nix/store/6yg20bbxmb4ywymd3s32zgjc1aq2dfsm-buf-1.64.0"
        }
      }
    },
    "cargo-tarpaulin@0.35.1": {
      "last_modified": "2026-02-23T15:40:43Z",
      "resolved": "github:NixOS/nixpkgs/80d901ec0377e19ac3f7bb8c035201e2e098cc97#cargo-tarpaulin",
      "source": "devbox-search",
      "version": "0.35.1",
      "systems": {
        "aarch64-darwin": {
          "outputs": [
            {
              "name": "out",
              "path": "/nix/store/rhgi02dm3vpg0i30g0nhqpbxy0n404r1-cargo-tarpaulin-0.35.1",
              "default": true
            }
          ],
          "store_path": "/nix/store/rhgi02dm3vpg0i30g0nhqpbxy0n404r1-cargo-tarpaulin-0.35.1"
        },
        "aarch64-linux": {
          "outputs": [
            {
              "name": "out",
              "path": "/nix/store/3iznzyzfzxm73zq156ba3wlynqqn77ml-cargo-tarpaulin-0.35.1",
              "default": true
            }
          ],
          "store_path": "/nix/store/3iznzyzfzxm73zq156ba3wlynqqn77ml-cargo-tarpaulin-0.35.1"
        },
        "x86_64-darwin": {
          "outputs": [
            {
              "name": "out",
              "path": "/nix/store/3wa67knn1k55vm8rf1w8hjfa0z0734d1-cargo-tarpaulin-0.35.1",
              "default": true
            }
          ],
          "store_path": "/nix/store/3wa67knn1k55vm8rf1w8hjfa0z0734d1-cargo-tarpaulin-0.35.1"
        },
        "x86_64-linux": {
          "outputs": [
            {
              "name": "out",
              "path": "/nix/store/djv6g35vv179jc26qdnz2sn0rfwdi95l-cargo-tarpaulin-0.35.1",
              "default": true
            }
          ],
          "store_path": "/nix/store/djv6g35vv179jc26qdnz2sn0rfwdi95l-cargo-tarpaulin-0.35.1"
        }
      }
    },
    "github:NixOS/nixpkgs/80d901ec0377e19ac3f7bb8c035201e2e098cc97#alsa-lib.dev": {
      "last_modified": "1970-01-01T00:00:00Z",
      "resolved": "github:NixOS/nixpkgs/80d901ec0377e19ac3f7bb8c035201e2e098cc97#alsa-lib.dev"
    },
    "github:NixOS/nixpkgs/nixpkgs-unstable": {
      "last_modified": "2026-02-27T06:27:13Z",
      "resolved": "github:NixOS/nixpkgs/c0f3d81a7ddbc2b1332be0d8481a672b4f6004d6?lastModified=1772173633&narHash=sha256-MOH58F4AIbCkh6qlQcwMycyk5SWvsqnS%2FTCfnqDlpj4%3D"
    },
    "licensure@0.5.1": {
      "last_modified": "2024-12-23T21:10:33Z",
      "resolved": "github:NixOS/nixpkgs/de1864217bfa9b5845f465e771e0ecb48b30e02d#licensure",
      "source": "devbox-search",
      "version": "0.5.1",
      "systems": {
        "aarch64-darwin": {
          "outputs": [
            {
              "name": "out",
              "path": "/nix/store/xz8manlgj5w6kgviq81q9dk2vqc74pv4-licensure-0.5.1",
              "default": true
            }
          ],
          "store_path": "/nix/store/xz8manlgj5w6kgviq81q9dk2vqc74pv4-licensure-0.5.1"
        },
        "aarch64-linux": {
          "outputs": [
            {
              "name": "out",
              "path": "/nix/store/mi3v7klx5m99ld8h8nafxb8myfvnr8q8-licensure-0.5.1",
              "default": true
            }
          ],
          "store_path": "/nix/store/mi3v7klx5m99ld8h8nafxb8myfvnr8q8-licensure-0.5.1"
        },
        "x86_64-darwin": {
          "outputs": [
            {
              "name": "out",
              "path": "/nix/store/zmb4silv2zvff693n6ja346wn1m99sq8-licensure-0.5.1",
              "default": true
            }
          ],
          "store_path": "/nix/store/zmb4silv2zvff693n6ja346wn1m99sq8-licensure-0.5.1"
        },
        "x86_64-linux": {
          "outputs": [
            {
              "name": "out",
              "path": "/nix/store/pra16lwnnns3p1yv8c05qgqvinhkkfxn-licensure-0.5.1",
              "default": true
            }
          ],
          "store_path": "/nix/store/pra16lwnnns3p1yv8c05qgqvinhkkfxn-licensure-0.5.1"
        }
      }
    },
    "nodejs@22.22.0": {
      "last_modified": "2026-02-23T15:40:43Z",
      "plugin_version": "0.0.2",
      "resolved": "github:NixOS/nixpkgs/80d901ec0377e19ac3f7bb8c035201e2e098cc97#nodejs_22",
      "source": "devbox-search",
      "version": "22.22.0",
      "systems": {
        "aarch64-darwin": {
          "outputs": [
            {
              "name": "out",
              "path": "/nix/store/3kkw1cwcwl0vvn4y2jkpfr3iarxaq284-nodejs-22.22.0",
              "default": true
            }
          ],
          "store_path": "/nix/store/3kkw1cwcwl0vvn4y2jkpfr3iarxaq284-nodejs-22.22.0"
        },
        "aarch64-linux": {
          "outputs": [
            {
              "name": "out",
              "path": "/nix/store/7996sfm56iryn7p639frvhajrbrb4ych-nodejs-22.22.0",
              "default": true
            }
          ],
          "store_path": "/nix/store/7996sfm56iryn7p639frvhajrbrb4ych-nodejs-22.22.0"
        },
        "x86_64-darwin": {
          "outputs": [
            {
              "name": "out",
              "path": "/nix/store/ixd7h25iyw6wc4hz37bqfg19782bm7z2-nodejs-22.22.0",
              "default": true
            }
          ],
          "store_path": "/nix/store/ixd7h25iyw6wc4hz37bqfg19782bm7z2-nodejs-22.22.0"
        },
        "x86_64-linux": {
          "outputs": [
            {
              "name": "out",
              "path": "/nix/store/b87dfjnjvg932xsw4mszjg4qmvrqzlqk-nodejs-22.22.0",
              "default": true
            }
          ],
          "store_path": "/nix/store/b87dfjnjvg932xsw4mszjg4qmvrqzlqk-nodejs-22.22.0"
        }
      }
    },
    "openssl@3.6.0": {
      "last_modified": "2025-12-05T06:24:47Z",
      "resolved": "github:NixOS/nixpkgs/42e29df35be6ef54091d3a3b4e97056ce0a98ce8#openssl",
      "source": "devbox-search",
      "version": "3.6.0",
      "systems": {
        "aarch64-darwin": {
          "outputs": [
            {
              "name": "bin",
              "path": "/nix/store/z9prisxci5h5lsk3rdknd4jzq7k9q13d-openssl-3.6.0-bin",
              "default": true
            },
            {
              "name": "man",
              "path": "/nix/store/ii9mnzr3i92mgk9dkgg65739mavd0j6f-openssl-3.6.0-man",
              "default": true
            },
            {
              "name": "dev",
              "path": "/nix/store/h0qgqik0mk0wn7rmm2kk3grfi1wzly74-openssl-3.6.0-dev"
            },
            {
              "name": "doc",
              "path": "/nix/store/yx3ip21fdaaxpjn5fbir02mqnaw9cm4f-openssl-3.6.0-doc"
            },
            {
              "name": "out",
              "path": "/nix/store/3z54dgks2mz3dhwddj158sdibll8xmq5-openssl-3.6.0"
            }
          ],
          "store_path": "/nix/store/z9prisxci5h5lsk3rdknd4jzq7k9q13d-openssl-3.6.0-bin"
        },
        "aarch64-linux": {
          "outputs": [
            {
              "name": "bin",
              "path": "/nix/store/wb6q44n9kcb5acmaa4rgqsajadx1fhhl-openssl-3.6.0-bin",
              "default": true
            },
            {
              "name": "man",
              "path": "/nix/store/c9n1alb7ypzjvzd47m16fiwfczz23qs3-openssl-3.6.0-man",
              "default": true
            },
            {
              "name": "debug",
              "path": "/nix/store/ci6d4k1sj4bnr892lsrqqmjiihqsk0bl-openssl-3.6.0-debug"
            },
            {
              "name": "dev",
              "path": "/nix/store/pq8b7fb3282g68pmk14mbyi20qn6chid-openssl-3.6.0-dev"
            },
            {
              "name": "doc",
              "path": "/nix/store/vaplp6w56dyz38986bgkf0pbg3r486b2-openssl-3.6.0-doc"
            },
            {
              "name": "out",
              "path": "/nix/store/nj50gkyx813dxvfmsg1q8m330hmf3h86-openssl-3.6.0"
            }
          ],
          "store_path": "/nix/store/wb6q44n9kcb5acmaa4rgqsajadx1fhhl-openssl-3.6.0-bin"
        },
        "x86_64-darwin": {
          "outputs": [
            {
              "name": "bin",
              "path": "/nix/store/m3xwn9n0jypwjgi256idfzs979g30j29-openssl-3.6.0-bin",
              "default": true
            },
            {
              "name": "man",
              "path": "/nix/store/hw43f3y1vl7ydrd4samnwnrwqqwkpisv-openssl-3.6.0-man",
              "default": true
            },
            {
              "name": "dev",
              "path": "/nix/store/dirjrfjk8jgsbdpslgb51cav6qaxn2vm-openssl-3.6.0-dev"
            },
            {
              "name": "doc",
              "path": "/nix/store/va1zhkz0nfmycvd0h239hi4w40qgaxcx-openssl-3.6.0-doc"
            },
            {
              "name": "out",
              "path": "/nix/store/q9a4wssx24xsy28w8kifdqizc01fh7sc-openssl-3.6.0"
            }
          ],
          "store_path": "/nix/store/m3xwn9n0jypwjgi256idfzs979g30j29-openssl-3.6.0-bin"
        },
        "x86_64-linux": {
          "outputs": [
            {
              "name": "bin",
              "path": "/nix/store/k0gl1zc7f5hk87lylxwbipb0b870bcmk-openssl-3.6.0-bin",
              "default": true
            },
            {
              "name": "man",
              "path": "/nix/store/a9jdl6xq9fc98ykpvqmc9kf0b0j9y8wh-openssl-3.6.0-man",
              "default": true
            },
            {
              "name": "debug",
              "path": "/nix/store/sqv8kbdgfxlr2d6nysr8c2715qpsi6f5-openssl-3.6.0-debug"
            },
            {
              "name": "dev",
              "path": "/nix/store/ydrckgnllgg8nmhdwni81h7xhcpnrlhd-openssl-3.6.0-dev"
            },
            {
              "name": "doc",
              "path": "/nix/store/cgp9ig35iwicfb9spcrgyg2m5dmlcgrv-openssl-3.6.0-doc"
            },
            {
              "name": "out",
              "path": "/nix/store/61i74yjkj9p1qphfl7018ja4sdwkipx0-openssl-3.6.0"
            }
          ],
          "store_path": "/nix/store/k0gl1zc7f5hk87lylxwbipb0b870bcmk-openssl-3.6.0-bin"
        }
      }
    },
    "pkg-config@0.29.2": {
      "last_modified": "2025-11-23T21:50:36Z",
      "resolved": "github:NixOS/nixpkgs/ee09932cedcef15aaf476f9343d1dea2cb77e261#pkg-config",
      "source": "devbox-search",
      "version": "0.29.2",
      "systems": {
        "aarch64-darwin": {
          "outputs": [
            {
              "name": "out",
              "path": "/nix/store/hygaaqwk9ylklp0ybwppqhw75nz8ya41-pkg-config-wrapper-0.29.2",
              "default": true
            },
            {
              "name": "man",
              "path": "/nix/store/9px0sji43x3r2w4zxl3j3idwsql7lwxx-pkg-config-wrapper-0.29.2-man",
              "default": true
            },
            {
              "name": "doc",
              "path": "/nix/store/hqk44ra6qxw7iixardl6c3hdgb9kq6ns-pkg-config-wrapper-0.29.2-doc"
            }
          ],
          "store_path": "/nix/store/hygaaqwk9ylklp0ybwppqhw75nz8ya41-pkg-config-wrapper-0.29.2"
        },
        "aarch64-linux": {
          "outputs": [
            {
              "name": "out",
              "path": "/nix/store/lbiigi8qbp7mzf1lpr7p982l1kyf01ql-pkg-config-wrapper-0.29.2",
              "default": true
            },
            {
              "name": "man",
              "path": "/nix/store/10060k24qggqyzlwdsfmni9y32zxcg0j-pkg-config-wrapper-0.29.2-man",
              "default": true
            },
            {
              "name": "doc",
              "path": "/nix/store/0y4v51ndpyvkj09hwlfqkz0c3h17zfmc-pkg-config-wrapper-0.29.2-doc"
            }
          ],
          "store_path": "/nix/store/lbiigi8qbp7mzf1lpr7p982l1kyf01ql-pkg-config-wrapper-0.29.2"
        },
        "x86_64-darwin": {
          "outputs": [
            {
              "name": "out",
              "path": "/nix/store/vknadizq0q5kffvx6y4379p9gdry9zq3-pkg-config-wrapper-0.29.2",
              "default": true
            },
            {
              "name": "man",
              "path": "/nix/store/1nyspra675q22gfhf7hn2nmfpi6rgim5-pkg-config-wrapper-0.29.2-man",
              "default": true
            },
            {
              "name": "doc",
              "path": "/nix/store/7lq1axxwrafwljs06n88bzyz9w523rkc-pkg-config-wrapper-0.29.2-doc"
            }
          ],
          "store_path": "/nix/store/vknadizq0q5kffvx6y4379p9gdry9zq3-pkg-config-wrapper-0.29.2"
        },
        "x86_64-linux": {
          "outputs": [
            {
              "name": "out",
              "path": "/nix/store/8vdiwpbh0g4avsd6x5v4s0di32vcl3dp-pkg-config-wrapper-0.29.2",
              "default": true
            },
            {
              "name": "man",
              "path": "/nix/store/j9xfpnrygg3v37svc5pfin9q5bm49r94-pkg-config-wrapper-0.29.2-man",
              "default": true
            },
            {
              "name": "doc",
              "path": "/nix/store/x3bypxdxaq20kykybhkf21x4jczsiy8y-pkg-config-wrapper-0.29.2-doc"
            }
          ],
          "store_path": "/nix/store/8vdiwpbh0g4avsd6x5v4s0di32vcl3dp-pkg-config-wrapper-0.29.2"
        }
      }
    },
    "protobuf@33.5": {
      "last_modified": "2026-02-23T15:40:43Z",
      "resolved": "github:NixOS/nixpkgs/80d901ec0377e19ac3f7bb8c035201e2e098cc97#protobuf",
      "source": "devbox-search",
      "version": "33.5",
      "systems": {
        "aarch64-darwin": {
          "outputs": [
            {
              "name": "out",
              "path": "/nix/store/w7ixs70mwsbkr6h7x158s28wxj5ksqlz-protobuf-33.5",
              "default": true
            }
          ],
          "store_path": "/nix/store/w7ixs70mwsbkr6h7x158s28wxj5ksqlz-protobuf-33.5"
        },
        "aarch64-linux": {
          "outputs": [
            {
              "name": "out",
              "path": "/nix/store/600hwaz4l959b7lxzxd4hjyml9rzjkgb-protobuf-33.5",
              "default": true
            },
            {
              "name": "debug",
              "path": "/nix/store/d90d9v8m7d9ldz92ivhgq0wqqch2rxhr-protobuf-33.5-debug"
            }
          ],
          "store_path": "/nix/store/600hwaz4l959b7lxzxd4hjyml9rzjkgb-protobuf-33.5"
        },
        "x86_64-darwin": {
          "outputs": [
            {
              "name": "out",
              "path": "/nix/store/k3akiv87fwy0vp4i83yr24lg5j56ccgc-protobuf-33.5",
              "default": true
            }
          ],
          "store_path": "/nix/store/k3akiv87fwy0vp4i83yr24lg5j56ccgc-protobuf-33.5"
        },
        "x86_64-linux": {
          "outputs": [
            {
              "name": "out",
              "path": "/nix/store/8sbmq3x389mnh8kz3lp3m2r43p4xp33h-protobuf-33.5",
              "default": true
            },
            {
              "name": "debug",
              "path": "/nix/store/vappv4dq10ka28ypl2df8czfffmnmv35-protobuf-33.5-debug"
            }
          ],
          "store_path": "/nix/store/8sbmq3x389mnh8kz3lp3m2r43p4xp33h-protobuf-33.5"
        }
      }
    },
    "rustup@1.28.2": {
      "last_modified": "2026-02-23T15:40:43Z",
      "plugin_version": "0.0.1",
      "resolved": "github:NixOS/nixpkgs/80d901ec0377e19ac3f7bb8c035201e2e098cc97#rustup",
      "source": "devbox-search",
      "version": "1.28.2",
      "systems": {
        "aarch64-darwin": {
          "outputs": [
            {
              "name": "out",
              "path": "/nix/store/6h6jsqm3jw1j4cyg7sfcfxaip9lqbwgw-rustup-1.28.2",
              "default": true
            }
          ],
          "store_path": "/nix/store/6h6jsqm3jw1j4cyg7sfcfxaip9lqbwgw-rustup-1.28.2"
        },
        "aarch64-linux": {
          "outputs": [
            {
              "name": "out",
              "path": "/nix/store/9cqn3746dv8zka9nknpqh9bnhg0nd8np-rustup-1.28.2",
              "default": true
            }
          ],
          "store_path": "/nix/store/9cqn3746dv8zka9nknpqh9bnhg0nd8np-rustup-1.28.2"
        },
        "x86_64-darwin": {
          "outputs": [
            {
              "name": "out",
              "path": "/nix/store/v4fbq8arr7jpahcqs0zy4f867b3frc6l-rustup-1.28.2",
              "default": true
            }
          ],
          "store_path": "/nix/store/v4fbq8arr7jpahcqs0zy4f867b3frc6l-rustup-1.28.2"
        },
        "x86_64-linux": {
          "outputs": [
            {
              "name": "out",
              "path": "/nix/store/17zvb7nfsz9x184ilpygcwrjc4hrcwjr-rustup-1.28.2",
              "default": true
            }
          ],
          "store_path": "/nix/store/17zvb7nfsz9x184ilpygcwrjc4hrcwjr-rustup-1.28.2"
        }
      }
    },
    "udev@252.5": {
      "last_modified": "2023-02-24T09:01:09Z",
      "resolved": "github:NixOS/nixpkgs/7d0ed7f2e5aea07ab22ccb338d27fbe347ed2f11#udev",
      "source": "devbox-search",
      "version": "252.5"
    }
  }
}
